// !$*UTF8*$!
{
	archiveVersion = 1;
	classes = {
	};
	objectVersion = 55;
	objects = {

/* Begin PBXBuildFile section */
		9841F83A292F7CAC00EF1724 /* AwakenApp.swift in Sources */ = {isa = PBXBuildFile; fileRef = 9841F839292F7CAC00EF1724 /* AwakenApp.swift */; };
		9841F83C292F7CAC00EF1724 /* ContentView.swift in Sources */ = {isa = PBXBuildFile; fileRef = 9841F83B292F7CAC00EF1724 /* ContentView.swift */; };
		9841F83E292F7CAD00EF1724 /* Assets.xcassets in Resources */ = {isa = PBXBuildFile; fileRef = 9841F83D292F7CAD00EF1724 /* Assets.xcassets */; };
		9841F841292F7CAD00EF1724 /* Preview Assets.xcassets in Resources */ = {isa = PBXBuildFile; fileRef = 9841F840292F7CAD00EF1724 /* Preview Assets.xcassets */; };
		9841F848292F7F2600EF1724 /* AwakenXHRHandler.swift in Sources */ = {isa = PBXBuildFile; fileRef = 9841F847292F7F2600EF1724 /* AwakenXHRHandler.swift */; };
		9841F84A292F99F000EF1724 /* AwakenJSB.swift in Sources */ = {isa = PBXBuildFile; fileRef = 9841F849292F99F000EF1724 /* AwakenJSB.swift */; };
		98D797E52946FA7000F8FC4C /* assets in Resources */ = {isa = PBXBuildFile; fileRef = 98D797E42946FA7000F8FC4C /* assets */; };
/* End PBXBuildFile section */

/* Begin PBXFileReference section */
		9841F836292F7CAC00EF1724 /* Awaken.app */ = {isa = PBXFileReference; explicitFileType = wrapper.application; includeInIndex = 0; path = Awaken.app; sourceTree = BUILT_PRODUCTS_DIR; };
		9841F839292F7CAC00EF1724 /* AwakenApp.swift */ = {isa = PBXFileReference; lastKnownFileType = sourcecode.swift; path = AwakenApp.swift; sourceTree = "<group>"; };
		9841F83B292F7CAC00EF1724 /* ContentView.swift */ = {isa = PBXFileReference; lastKnownFileType = sourcecode.swift; path = ContentView.swift; sourceTree = "<group>"; };
		9841F83D292F7CAD00EF1724 /* Assets.xcassets */ = {isa = PBXFileReference; lastKnownFileType = folder.assetcatalog; path = Assets.xcassets; sourceTree = "<group>"; };
		9841F840292F7CAD00EF1724 /* Preview Assets.xcassets */ = {isa = PBXFileReference; lastKnownFileType = folder.assetcatalog; path = "Preview Assets.xcassets"; sourceTree = "<group>"; };
		9841F847292F7F2600EF1724 /* AwakenXHRHandler.swift */ = {isa = PBXFileReference; lastKnownFileType = sourcecode.swift; path = AwakenXHRHandler.swift; sourceTree = "<group>"; };
		9841F849292F99F000EF1724 /* AwakenJSB.swift */ = {isa = PBXFileReference; lastKnownFileType = sourcecode.swift; path = AwakenJSB.swift; sourceTree = "<group>"; };
		98D797E42946FA7000F8FC4C /* assets */ = {isa = PBXFileReference; lastKnownFileType = folder; path = assets; sourceTree = "<group>"; };
/* End PBXFileReference section */

/* Begin PBXFrameworksBuildPhase section */
		9841F833292F7CAC00EF1724 /* Frameworks */ = {
			isa = PBXFrameworksBuildPhase;
			buildActionMask = 2147483647;
			files = (
			);
			runOnlyForDeploymentPostprocessing = 0;
		};
/* End PBXFrameworksBuildPhase section */

/* Begin PBXGroup section */
		9841F82D292F7CAC00EF1724 = {
			isa = PBXGroup;
			children = (
				9841F838292F7CAC00EF1724 /* Awaken */,
				9841F837292F7CAC00EF1724 /* Products */,
			);
			sourceTree = "<group>";
		};
		9841F837292F7CAC00EF1724 /* Products */ = {
			isa = PBXGroup;
			children = (
				9841F836292F7CAC00EF1724 /* Awaken.app */,
			);
			name = Products;
			sourceTree = "<group>";
		};
		9841F838292F7CAC00EF1724 /* Awaken */ = {
			isa = PBXGroup;
			children = (
				9841F839292F7CAC00EF1724 /* AwakenApp.swift */,
				9841F83B292F7CAC00EF1724 /* ContentView.swift */,
				9841F83D292F7CAD00EF1724 /* Assets.xcassets */,
				9841F83F292F7CAD00EF1724 /* Preview Content */,
				9841F847292F7F2600EF1724 /* AwakenXHRHandler.swift */,
				9841F849292F99F000EF1724 /* AwakenJSB.swift */,
				98D797E42946FA7000F8FC4C /* assets */,
			);
			path = Awaken;
			sourceTree = "<group>";
		};
		9841F83F292F7CAD00EF1724 /* Preview Content */ = {
			isa = PBXGroup;
			children = (
				9841F840292F7CAD00EF1724 /* Preview Assets.xcassets */,
			);
			path = "Preview Content";
			sourceTree = "<group>";
		};
/* End PBXGroup section */

/* Begin PBXNativeTarget section */
		9841F835292F7CAC00EF1724 /* Awaken */ = {
			isa = PBXNativeTarget;
			buildConfigurationList = 9841F844292F7CAD00EF1724 /* Build configuration list for PBXNativeTarget "Awaken" */;
			buildPhases = (
				9841F832292F7CAC00EF1724 /* Sources */,
				9841F833292F7CAC00EF1724 /* Frameworks */,
				9841F834292F7CAC00EF1724 /* Resources */,
			);
			buildRules = (
			);
			dependencies = (
			);
			name = Awaken;
			productName = Awaken;
			productReference = 9841F836292F7CAC00EF1724 /* Awaken.app */;
			productType = "com.apple.product-type.application";
		};
/* End PBXNativeTarget section */

/* Begin PBXProject section */
		9841F82E292F7CAC00EF1724 /* Project object */ = {
			isa = PBXProject;
			attributes = {
				BuildIndependentTargetsInParallel = 1;
				LastSwiftUpdateCheck = 1340;
				LastUpgradeCheck = 1340;
				TargetAttributes = {
					9841F835292F7CAC00EF1724 = {
						CreatedOnToolsVersion = 13.4.1;
					};
				};
			};
			buildConfigurationList = 9841F831292F7CAC00EF1724 /* Build configuration list for PBXProject "Awaken" */;
			compatibilityVersion = "Xcode 13.0";
			developmentRegion = en;
			hasScannedForEncodings = 0;
			knownRegions = (
				en,
				Base,
			);
			mainGroup = 9841F82D292F7CAC00EF1724;
			productRefGroup = 9841F837292F7CAC00EF1724 /* Products */;
			projectDirPath = "";
			projectRoot = "";
			targets = (
				9841F835292F7CAC00EF1724 /* Awaken */,
			);
		};
/* End PBXProject section */

/* Begin PBXResourcesBuildPhase section */
		9841F834292F7CAC00EF1724 /* Resources */ = {
			isa = PBXResourcesBuildPhase;
			buildActionMask = 2147483647;
			files = (
				98D797E52946FA7000F8FC4C /* assets in Resources */,
				9841F841292F7CAD00EF1724 /* Preview Assets.xcassets in Resources */,
				9841F83E292F7CAD00EF1724 /* Assets.xcassets in Resources */,
			);
			runOnlyForDeploymentPostprocessing = 0;
		};
/* End PBXResourcesBuildPhase section */

/* Begin PBXSourcesBuildPhase section */
		9841F832292F7CAC00EF1724 /* Sources */ = {
			isa = PBXSourcesBuildPhase;
			buildActionMask = 2147483647;
			files = (
				9841F84A292F99F000EF1724 /* AwakenJSB.swift in Sources */,
				9841F848292F7F2600EF1724 /* AwakenXHRHandler.swift in Sources */,
				9841F83C292F7CAC00EF1724 /* ContentView.swift in Sources */,
				9841F83A292F7CAC00EF1724 /* AwakenApp.swift in Sources */,
			);
			runOnlyForDeploymentPostprocessing = 0;
		};
/* End PBXSourcesBuildPhase section */

/* Begin XCBuildConfiguration section */
		9841F842292F7CAD00EF1724 /* Debug */ = {
			isa = XCBuildConfiguration;
			buildSettings = {
				ALWAYS_SEARCH_USER_PATHS = NO;
				CLANG_ANALYZER_NONNULL = YES;
				CLANG_ANALYZER_NUMBER_OBJECT_CONVERSION = YES_AGGRESSIVE;
				CLANG_CXX_LANGUAGE_STANDARD = "gnu++17";
				CLANG_ENABLE_MODULES = YES;
				CLANG_ENABLE_OBJC_ARC = YES;
				CLANG_ENABLE_OBJC_WEAK = YES;
				CLANG_WARN_BLOCK_CAPTURE_AUTORELEASING = YES;
				CLANG_WARN_BOOL_CONVERSION = YES;
				CLANG_WARN_COMMA = YES;
				CLANG_WARN_CONSTANT_CONVERSION = YES;
				CLANG_WARN_DEPRECATED_OBJC_IMPLEMENTATIONS = YES;
				CLANG_WARN_DIRECT_OBJC_ISA_USAGE = YES_ERROR;
				CLANG_WARN_DOCUMENTATION_COMMENTS = YES;
				CLANG_WARN_EMPTY_BODY = YES;
				CLANG_WARN_ENUM_CONVERSION = YES;
				CLANG_WARN_INFINITE_RECURSION = YES;
				CLANG_WARN_INT_CONVERSION = YES;
				CLANG_WARN_NON_LITERAL_NULL_CONVERSION = YES;
				CLANG_WARN_OBJC_IMPLICIT_RETAIN_SELF = YES;
				CLANG_WARN_OBJC_LITERAL_CONVERSION = YES;
				CLANG_WARN_OBJC_ROOT_CLASS = YES_ERROR;
				CLANG_WARN_QUOTED_INCLUDE_IN_FRAMEWORK_HEADER = YES;
				CLANG_WARN_RANGE_LOOP_ANALYSIS = YES;
				CLANG_WARN_STRICT_PROTOTYPES = YES;
				CLANG_WARN_SUSPICIOUS_MOVE = YES;
				CLANG_WARN_UNGUARDED_AVAILABILITY = YES_AGGRESSIVE;
				CLANG_WARN_UNREACHABLE_CODE = YES;
				CLANG_WARN__DUPLICATE_METHOD_MATCH = YES;
				COPY_PHASE_STRIP = NO;
				DEBUG_INFORMATION_FORMAT = dwarf;
				ENABLE_STRICT_OBJC_MSGSEND = YES;
				ENABLE_TESTABILITY = YES;
				GCC_C_LANGUAGE_STANDARD = gnu11;
				GCC_DYNAMIC_NO_PIC = NO;
				GCC_NO_COMMON_BLOCKS = YES;
				GCC_OPTIMIZATION_LEVEL = 0;
				GCC_PREPROCESSOR_DEFINITIONS = (
					"DEBUG=1",
					"$(inherited)",
				);
				GCC_WARN_64_TO_32_BIT_CONVERSION = YES;
				GCC_WARN_ABOUT_RETURN_TYPE = YES_ERROR;
				GCC_WARN_UNDECLARED_SELECTOR = YES;
				GCC_WARN_UNINITIALIZED_AUTOS = YES_AGGRESSIVE;
				GCC_WARN_UNUSED_FUNCTION = YES;
				GCC_WARN_UNUSED_VARIABLE = YES;
				IPHONEOS_DEPLOYMENT_TARGET = 15.5;
				MTL_ENABLE_DEBUG_INFO = INCLUDE_SOURCE;
				MTL_FAST_MATH = YES;
				ONLY_ACTIVE_ARCH = YES;
				SDKROOT = iphoneos;
				SWIFT_ACTIVE_COMPILATION_CONDITIONS = DEBUG;
				SWIFT_OPTIMIZATION_LEVEL = "-Onone";
			};
			name = Debug;
		};
		9841F843292F7CAD00EF1724 /* Release */ = {
			isa = XCBuildConfiguration;
			buildSettings = {
				ALWAYS_SEARCH_USER_PATHS = NO;
				CLANG_ANALYZER_NONNULL = YES;
				CLANG_ANALYZER_NUMBER_OBJECT_CONVERSION = YES_AGGRESSIVE;
				CLANG_CXX_LANGUAGE_STANDARD = "gnu++17";
				CLANG_ENABLE_MODULES = YES;
				CLANG_ENABLE_OBJC_ARC = YES;
				CLANG_ENABLE_OBJC_WEAK = YES;
				CLANG_WARN_BLOCK_CAPTURE_AUTORELEASING = YES;
				CLANG_WARN_BOOL_CONVERSION = YES;
				CLANG_WARN_COMMA = YES;
				CLANG_WARN_CONSTANT_CONVERSION = YES;
				CLANG_WARN_DEPRECATED_OBJC_IMPLEMENTATIONS = YES;
				CLANG_WARN_DIRECT_OBJC_ISA_USAGE = YES_ERROR;
				CLANG_WARN_DOCUMENTATION_COMMENTS = YES;
				CLANG_WARN_EMPTY_BODY = YES;
				CLANG_WARN_ENUM_CONVERSION = YES;
				CLANG_WARN_INFINITE_RECURSION = YES;
				CLANG_WARN_INT_CONVERSION = YES;
				CLANG_WARN_NON_LITERAL_NULL_CONVERSION = YES;
				CLANG_WARN_OBJC_IMPLICIT_RETAIN_SELF = YES;
				CLANG_WARN_OBJC_LITERAL_CONVERSION = YES;
				CLANG_WARN_OBJC_ROOT_CLASS = YES_ERROR;
				CLANG_WARN_QUOTED_INCLUDE_IN_FRAMEWORK_HEADER = YES;
				CLANG_WARN_RANGE_LOOP_ANALYSIS = YES;
				CLANG_WARN_STRICT_PROTOTYPES = YES;
				CLANG_WARN_SUSPICIOUS_MOVE = YES;
				CLANG_WARN_UNGUARDED_AVAILABILITY = YES_AGGRESSIVE;
				CLANG_WARN_UNREACHABLE_CODE = YES;
				CLANG_WARN__DUPLICATE_METHOD_MATCH = YES;
				COPY_PHASE_STRIP = NO;
				DEBUG_INFORMATION_FORMAT = "dwarf-with-dsym";
				ENABLE_NS_ASSERTIONS = NO;
				ENABLE_STRICT_OBJC_MSGSEND = YES;
				GCC_C_LANGUAGE_STANDARD = gnu11;
				GCC_NO_COMMON_BLOCKS = YES;
				GCC_WARN_64_TO_32_BIT_CONVERSION = YES;
				GCC_WARN_ABOUT_RETURN_TYPE = YES_ERROR;
				GCC_WARN_UNDECLARED_SELECTOR = YES;
				GCC_WARN_UNINITIALIZED_AUTOS = YES_AGGRESSIVE;
				GCC_WARN_UNUSED_FUNCTION = YES;
				GCC_WARN_UNUSED_VARIABLE = YES;
				IPHONEOS_DEPLOYMENT_TARGET = 15.5;
				MTL_ENABLE_DEBUG_INFO = NO;
				MTL_FAST_MATH = YES;
				SDKROOT = iphoneos;
				SWIFT_COMPILATION_MODE = wholemodule;
				SWIFT_OPTIMIZATION_LEVEL = "-O";
				VALIDATE_PRODUCT = YES;
			};
			name = Release;
		};
		9841F845292F7CAD00EF1724 /* Debug */ = {
			isa = XCBuildConfiguration;
			buildSettings = {
				ASSETCATALOG_COMPILER_APPICON_NAME = AppIcon;
				ASSETCATALOG_COMPILER_GLOBAL_ACCENT_COLOR_NAME = AccentColor;
				CODE_SIGN_STYLE = Automatic;
				CURRENT_PROJECT_VERSION = 1;
				DEVELOPMENT_ASSET_PATHS = "\"Awaken/Preview Content\"";
				DEVELOPMENT_TEAM = FTGFH34L9J;
				ENABLE_PREVIEWS = YES;
				GENERATE_INFOPLIST_FILE = YES;
				INFOPLIST_KEY_UIApplicationSceneManifest_Generation = YES;
				INFOPLIST_KEY_UIApplicationSupportsIndirectInputEvents = YES;
				INFOPLIST_KEY_UILaunchScreen_Generation = YES;
				INFOPLIST_KEY_UISupportedInterfaceOrientations_iPad = "UIInterfaceOrientationPortrait UIInterfaceOrientationPortraitUpsideDown UIInterfaceOrientationLandscapeLeft UIInterfaceOrientationLandscapeRight";
				INFOPLIST_KEY_UISupportedInterfaceOrientations_iPhone = "UIInterfaceOrientationPortrait UIInterfaceOrientationLandscapeLeft UIInterfaceOrientationLandscapeRight";
				LD_RUNPATH_SEARCH_PATHS = (
					"$(inherited)",
					"@executable_path/Frameworks",
				);
				MARKETING_VERSION = 1.0;
				"OTHER_SWIFT_FLAGS[arch=*]" = "-DDEBUG";
				PRODUCT_BUNDLE_IDENTIFIER = com.dtysky.Awaken;
				PRODUCT_NAME = "$(TARGET_NAME)";
				SWIFT_EMIT_LOC_STRINGS = YES;
				SWIFT_VERSION = 5.0;
				TARGETED_DEVICE_FAMILY = "1,2";
			};
			name = Debug;
		};
		9841F846292F7CAD00EF1724 /* Release */ = {
			isa = XCBuildConfiguration;
			buildSettings = {
				ASSETCATALOG_COMPILER_APPICON_NAME = AppIcon;
				ASSETCATALOG_COMPILER_GLOBAL_ACCENT_COLOR_NAME = AccentColor;
				CODE_SIGN_STYLE = Automatic;
				CURRENT_PROJECT_VERSION = 1;
				DEVELOPMENT_ASSET_PATHS = "\"Awaken/Preview Content\"";
				DEVELOPMENT_TEAM = FTGFH34L9J;
				ENABLE_PREVIEWS = YES;
				GENERATE_INFOPLIST_FILE = YES;
				INFOPLIST_KEY_UIApplicationSceneManifest_Generation = YES;
				INFOPLIST_KEY_UIApplicationSupportsIndirectInputEvents = YES;
				INFOPLIST_KEY_UILaunchScreen_Generation = YES;
				INFOPLIST_KEY_UISupportedInterfaceOrientations_iPad = "UIInterfaceOrientationPortrait UIInterfaceOrientationPortraitUpsideDown UIInterfaceOrientationLandscapeLeft UIInterfaceOrientationLandscapeRight";
				INFOPLIST_KEY_UISupportedInterfaceOrientations_iPhone = "UIInterfaceOrientationPortrait UIInterfaceOrientationLandscapeLeft UIInterfaceOrientationLandscapeRight";
				LD_RUNPATH_SEARCH_PATHS = (
					"$(inherited)",
					"@executable_path/Frameworks",
				);
				MARKETING_VERSION = 1.0;
				"OTHER_SWIFT_FLAGS[arch=*]" = "-DRELEASE";
				PRODUCT_BUNDLE_IDENTIFIER = com.dtysky.Awaken;
				PRODUCT_NAME = "$(TARGET_NAME)";
				SWIFT_EMIT_LOC_STRINGS = YES;
				SWIFT_VERSION = 5.0;
				TARGETED_DEVICE_FAMILY = "1,2";
			};
			name = Release;
		};
/* End XCBuildConfiguration section */

/* Begin XCConfigurationList section */
		9841F831292F7CAC00EF1724 /* Build configuration list for PBXProject "Awaken" */ = {
			isa = XCConfigurationList;
			buildConfigurations = (
				9841F842292F7CAD00EF1724 /* Debug */,
				9841F843292F7CAD00EF1724 /* Release */,
			);
			defaultConfigurationIsVisible = 0;
			defaultConfigurationName = Release;
		};
		9841F844292F7CAD00EF1724 /* Build configuration list for PBXNativeTarget "Awaken" */ = {
			isa = XCConfigurationList;
			buildConfigurations = (
				9841F845292F7CAD00EF1724 /* Debug */,
				9841F846292F7CAD00EF1724 /* Release */,
			);
			defaultConfigurationIsVisible = 0;
			defaultConfigurationName = Release;
		};
/* End XCConfigurationList section */
	};
	rootObject = 9841F82E292F7CAC00EF1724 /* Project object */;
}
